
Microsoft Visual Studio Solution File, Format Version 12.00
# Visual Studio Version 17
VisualStudioVersion = 17.8.34525.116
MinimumVisualStudioVersion = 10.0.40219.1
Project("{9A19103F-16F7-4668-BE54-9A1E7A4F7556}") = "Entities", "Entities\Entities.csproj", "{BEDAC51C-6393-4753-8FA5-43577D6C38E2}"
EndProject
Project("{9A19103F-16F7-4668-BE54-9A1E7A4F7556}") = "Shared", "Shared\Shared.csproj", "{1B2FBF73-7DF6-453D-9949-E2FAB977764C}"
EndProject
Project("{9A19103F-16F7-4668-BE54-9A1E7A4F7556}") = "BackendCore", "BackendCore\BackendCore.csproj", "{59AFB5F1-EE91-497D-97FD-8E81EF1F93C9}"
EndProject
Global
	GlobalSection(SolutionConfigurationPlatforms) = preSolution
		Debug|Any CPU = Debug|Any CPU
		Release|Any CPU = Release|Any CPU
	EndGlobalSection
	GlobalSection(ProjectConfigurationPlatforms) = postSolution
		{BEDAC51C-6393-4753-8FA5-43577D6C38E2}.Debug|Any CPU.ActiveCfg = Debug|Any CPU
		{BEDAC51C-6393-4753-8FA5-43577D6C38E2}.Debug|Any CPU.Build.0 = Debug|Any CPU
		{BEDAC51C-6393-4753-8FA5-43577D6C38E2}.Release|Any CPU.ActiveCfg = Release|Any CPU
		{BEDAC51C-6393-4753-8FA5-43577D6C38E2}.Release|Any CPU.Build.0 = Release|Any CPU
		{1B2FBF73-7DF6-453D-9949-E2FAB977764C}.Debug|Any CPU.ActiveCfg = Debug|Any CPU
		{1B2FBF73-7DF6-453D-9949-E2FAB977764C}.Debug|Any CPU.Build.0 = Debug|Any CPU
		{1B2FBF73-7DF6-453D-9949-E2FAB977764C}.Release|Any CPU.ActiveCfg = Release|Any CPU
		{1B2FBF73-7DF6-453D-9949-E2FAB977764C}.Release|Any CPU.Build.0 = Release|Any CPU
		{59AFB5F1-EE91-497D-97FD-8E81EF1F93C9}.Debug|Any CPU.ActiveCfg = Debug|Any CPU
		{59AFB5F1-EE91-497D-97FD-8E81EF1F93C9}.Debug|Any CPU.Build.0 = Debug|Any CPU
		{59AFB5F1-EE91-497D-97FD-8E81EF1F93C9}.Release|Any CPU.ActiveCfg = Release|Any CPU
		{59AFB5F1-EE91-497D-97FD-8E81EF1F93C9}.Release|Any CPU.Build.0 = Release|Any CPU
	EndGlobalSection
	GlobalSection(SolutionProperties) = preSolution
		HideSolutionNode = FALSE
	EndGlobalSection
	GlobalSection(ExtensibilityGlobals) = postSolution
		SolutionGuid = {D1E26D74-E932-4445-A038-496E3DF110B6}
	EndGlobalSection
EndGlobal
